
Microsoft Visual Studio Solution File, Format Version 12.00
# Visual Studio Version 17
VisualStudioVersion = 17.10.34916.146
MinimumVisualStudioVersion = 10.0.40219.1
Project("{FAE04EC0-301F-11D3-BF4B-00C04F79EFBC}") = "MinimalAPIs", "MinimalAPIs.csproj", "{FFECE2E6-4BE8-48DB-86E0-A823830E2120}"
EndProject
Global
	GlobalSection(SolutionConfigurationPlatforms) = preSolution
		Debug|Any CPU = Debug|Any CPU
		Release|Any CPU = Release|Any CPU
	EndGlobalSection
	GlobalSection(ProjectConfigurationPlatforms) = postSolution
		{FFECE2E6-4BE8-48DB-86E0-A823830E2120}.Debug|Any CPU.ActiveCfg = Debug|Any CPU
		{FFECE2E6-4BE8-48DB-86E0-A823830E2120}.Debug|Any CPU.Build.0 = Debug|Any CPU
		{FFECE2E6-4BE8-48DB-86E0-A823830E2120}.Release|Any CPU.ActiveCfg = Release|Any CPU
		{FFECE2E6-4BE8-48DB-86E0-A823830E2120}.Release|Any CPU.Build.0 = Release|Any CPU
	EndGlobalSection
	GlobalSection(SolutionProperties) = preSolution
		HideSolutionNode = FALSE
	EndGlobalSection
	GlobalSection(ExtensibilityGlobals) = postSolution
		SolutionGuid = {15F6922C-F16D-496A-9D01-9A1B6AC11B7F}
	EndGlobalSection
EndGlobal
